// !$*UTF8*$!
{
	archiveVersion = 1;
	classes = {
	};
	objectVersion = 46;
	objects = {

/* Begin PBXBuildFile section */
		C6018FB11BF8000600B44664 /* ZHSKCursorView.m in Sources */ = {isa = PBXBuildFile; fileRef = C6018FAF1BF8000000B44664 /* ZHSKCursorView.m */; };
		C6018FB21BF8000700B44664 /* ZHSKCursorView.m in Sources */ = {isa = PBXBuildFile; fileRef = C6018FAF1BF8000000B44664 /* ZHSKCursorView.m */; };
		C62B84841BE3E34600D3C444 /* ZHUIKitGameViewController.m in Sources */ = {isa = PBXBuildFile; fileRef = C62B84831BE3E34600D3C444 /* ZHUIKitGameViewController.m */; };
		C62B848A1BE3F8D300D3C444 /* ZHCellCollectionViewCell.m in Sources */ = {isa = PBXBuildFile; fileRef = C62B84891BE3F8D300D3C444 /* ZHCellCollectionViewCell.m */; };
		C62B84901BE4023C00D3C444 /* ZHUserDefaults.m in Sources */ = {isa = PBXBuildFile; fileRef = C62B848F1BE4023C00D3C444 /* ZHUserDefaults.m */; };
		C62B84941BE4116700D3C444 /* ZHViewController.m in Sources */ = {isa = PBXBuildFile; fileRef = C62B84931BE4116700D3C444 /* ZHViewController.m */; };
		C62B84981BE411CD00D3C444 /* ZHTableViewController.m in Sources */ = {isa = PBXBuildFile; fileRef = C62B84971BE411CD00D3C444 /* ZHTableViewController.m */; };
		C62B849B1BE4193B00D3C444 /* ZHTitleHeaderView.m in Sources */ = {isa = PBXBuildFile; fileRef = C62B849A1BE4193B00D3C444 /* ZHTitleHeaderView.m */; };
		C62B849D1BE4194800D3C444 /* ZHTitleHeaderView.xib in Resources */ = {isa = PBXBuildFile; fileRef = C62B849C1BE4194800D3C444 /* ZHTitleHeaderView.xib */; };
		C62B84A11BE4593C00D3C444 /* ZHCellNode.m in Sources */ = {isa = PBXBuildFile; fileRef = C62B84A01BE4593C00D3C444 /* ZHCellNode.m */; };
		C62DBB7A1BE3189700FEFAA2 /* main.m in Sources */ = {isa = PBXBuildFile; fileRef = C62DBB791BE3189700FEFAA2 /* main.m */; };
		C62DBB7D1BE3189700FEFAA2 /* AppDelegate.m in Sources */ = {isa = PBXBuildFile; fileRef = C62DBB7C1BE3189700FEFAA2 /* AppDelegate.m */; };
		C62DBB801BE3189700FEFAA2 /* ZHGameScene.m in Sources */ = {isa = PBXBuildFile; fileRef = C62DBB7F1BE3189700FEFAA2 /* ZHGameScene.m */; };
		C62DBB851BE3189700FEFAA2 /* ZHSpriteKitGameViewController.m in Sources */ = {isa = PBXBuildFile; fileRef = C62DBB841BE3189700FEFAA2 /* ZHSpriteKitGameViewController.m */; };
		C62DBB881BE3189700FEFAA2 /* Main.storyboard in Resources */ = {isa = PBXBuildFile; fileRef = C62DBB861BE3189700FEFAA2 /* Main.storyboard */; };
		C62DBB8A1BE3189700FEFAA2 /* Assets.xcassets in Resources */ = {isa = PBXBuildFile; fileRef = C62DBB891BE3189700FEFAA2 /* Assets.xcassets */; };
		C62DBB8D1BE3189700FEFAA2 /* LaunchScreen.storyboard in Resources */ = {isa = PBXBuildFile; fileRef = C62DBB8B1BE3189700FEFAA2 /* LaunchScreen.storyboard */; };
		C62DBB981BE3189700FEFAA2 /* MinesweeperTests.m in Sources */ = {isa = PBXBuildFile; fileRef = C62DBB971BE3189700FEFAA2 /* MinesweeperTests.m */; };
		C62DBBA31BE3189700FEFAA2 /* MinesweeperUITests.m in Sources */ = {isa = PBXBuildFile; fileRef = C62DBBA21BE3189700FEFAA2 /* MinesweeperUITests.m */; };
		C62DBBB21BE318AF00FEFAA2 /* ZHCell.m in Sources */ = {isa = PBXBuildFile; fileRef = C62DBBB11BE318AF00FEFAA2 /* ZHCell.m */; };
		C62DBBB51BE3193300FEFAA2 /* ZHBoard.m in Sources */ = {isa = PBXBuildFile; fileRef = C62DBBB41BE3193300FEFAA2 /* ZHBoard.m */; };
		C62DBBC21BE31B1900FEFAA2 /* ZHOptionsTableViewController.m in Sources */ = {isa = PBXBuildFile; fileRef = C62DBBC11BE31B1900FEFAA2 /* ZHOptionsTableViewController.m */; };
		C6592B731BEE8901008FFBE2 /* ZHTVOptionsViewController.m in Sources */ = {isa = PBXBuildFile; fileRef = C66091BC1BED7B8B001D5FEE /* ZHTVOptionsViewController.m */; };
		C6592B741BEE8AE2008FFBE2 /* ZHUIKitGameViewController.m in Sources */ = {isa = PBXBuildFile; fileRef = C62B84831BE3E34600D3C444 /* ZHUIKitGameViewController.m */; };
		C6592B751BEE8AFC008FFBE2 /* ZHViewController.m in Sources */ = {isa = PBXBuildFile; fileRef = C62B84931BE4116700D3C444 /* ZHViewController.m */; };
		C6592B761BEE8AFC008FFBE2 /* ZHTableViewController.m in Sources */ = {isa = PBXBuildFile; fileRef = C62B84971BE411CD00D3C444 /* ZHTableViewController.m */; };
		C6592B781BEE8C3D008FFBE2 /* ZHCellCollectionViewCell.m in Sources */ = {isa = PBXBuildFile; fileRef = C62B84891BE3F8D300D3C444 /* ZHCellCollectionViewCell.m */; };
		C6592B791BEE8C6B008FFBE2 /* UIColor+ZH.m in Sources */ = {isa = PBXBuildFile; fileRef = C660912F1BE54FAE001D5FEE /* UIColor+ZH.m */; };
		C66091301BE54FAE001D5FEE /* UIColor+ZH.m in Sources */ = {isa = PBXBuildFile; fileRef = C660912F1BE54FAE001D5FEE /* UIColor+ZH.m */; };
		C66091851BE80A06001D5FEE /* Documents in Resources */ = {isa = PBXBuildFile; fileRef = C66091841BE80A06001D5FEE /* Documents */; };
		C66091B71BED7B8B001D5FEE /* main.m in Sources */ = {isa = PBXBuildFile; fileRef = C66091B61BED7B8B001D5FEE /* main.m */; };
		C66091C01BED7B8B001D5FEE /* Main.storyboard in Resources */ = {isa = PBXBuildFile; fileRef = C66091BE1BED7B8B001D5FEE /* Main.storyboard */; };
		C66091C21BED7B8B001D5FEE /* Assets.xcassets in Resources */ = {isa = PBXBuildFile; fileRef = C66091C11BED7B8B001D5FEE /* Assets.xcassets */; };
		C66091CD1BED7B8B001D5FEE /* MinesweeperTVOSTests.m in Sources */ = {isa = PBXBuildFile; fileRef = C66091CC1BED7B8B001D5FEE /* MinesweeperTVOSTests.m */; };
		C66091E21BED7CA1001D5FEE /* ZHCell.m in Sources */ = {isa = PBXBuildFile; fileRef = C62DBBB11BE318AF00FEFAA2 /* ZHCell.m */; };
		C66091E31BED7CA1001D5FEE /* ZHBoard.m in Sources */ = {isa = PBXBuildFile; fileRef = C62DBBB41BE3193300FEFAA2 /* ZHBoard.m */; };
		C66091E41BED7CA5001D5FEE /* ZHUserDefaults.m in Sources */ = {isa = PBXBuildFile; fileRef = C62B848F1BE4023C00D3C444 /* ZHUserDefaults.m */; };
		C66091E51BED7CF4001D5FEE /* AppDelegate.m in Sources */ = {isa = PBXBuildFile; fileRef = C66091B91BED7B8B001D5FEE /* AppDelegate.m */; };
		C68F44F21BF310510044F020 /* ZHSpriteKitGameViewController.m in Sources */ = {isa = PBXBuildFile; fileRef = C62DBB841BE3189700FEFAA2 /* ZHSpriteKitGameViewController.m */; };
		C68F44F31BF310620044F020 /* ZHCellNode.m in Sources */ = {isa = PBXBuildFile; fileRef = C62B84A01BE4593C00D3C444 /* ZHCellNode.m */; };
		C68F44F41BF310620044F020 /* ZHGameScene.m in Sources */ = {isa = PBXBuildFile; fileRef = C62DBB7F1BE3189700FEFAA2 /* ZHGameScene.m */; };
/* End PBXBuildFile section */

/* Begin PBXContainerItemProxy section */
		C62DBB941BE3189700FEFAA2 /* PBXContainerItemProxy */ = {
			isa = PBXContainerItemProxy;
			containerPortal = C62DBB6D1BE3189700FEFAA2 /* Project object */;
			proxyType = 1;
			remoteGlobalIDString = C62DBB741BE3189700FEFAA2;
			remoteInfo = Minesweeper;
		};
		C62DBB9F1BE3189700FEFAA2 /* PBXContainerItemProxy */ = {
			isa = PBXContainerItemProxy;
			containerPortal = C62DBB6D1BE3189700FEFAA2 /* Project object */;
			proxyType = 1;
			remoteGlobalIDString = C62DBB741BE3189700FEFAA2;
			remoteInfo = Minesweeper;
		};
		C66091C91BED7B8B001D5FEE /* PBXContainerItemProxy */ = {
			isa = PBXContainerItemProxy;
			containerPortal = C62DBB6D1BE3189700FEFAA2 /* Project object */;
			proxyType = 1;
			remoteGlobalIDString = C66091B21BED7B8B001D5FEE;
			remoteInfo = MinesweeperTVOS;
		};
/* End PBXContainerItemProxy section */

/* Begin PBXFileReference section */
		C6018FAE1BF8000000B44664 /* ZHSKCursorView.h */ = {isa = PBXFileReference; fileEncoding = 4; lastKnownFileType = sourcecode.c.h; path = ZHSKCursorView.h; sourceTree = "<group>"; };
		C6018FAF1BF8000000B44664 /* ZHSKCursorView.m */ = {isa = PBXFileReference; fileEncoding = 4; lastKnownFileType = sourcecode.c.objc; path = ZHSKCursorView.m; sourceTree = "<group>"; };
		C62B84821BE3E34600D3C444 /* ZHUIKitGameViewController.h */ = {isa = PBXFileReference; fileEncoding = 4; lastKnownFileType = sourcecode.c.h; path = ZHUIKitGameViewController.h; sourceTree = "<group>"; };
		C62B84831BE3E34600D3C444 /* ZHUIKitGameViewController.m */ = {isa = PBXFileReference; fileEncoding = 4; lastKnownFileType = sourcecode.c.objc; path = ZHUIKitGameViewController.m; sourceTree = "<group>"; };
		C62B84881BE3F8D300D3C444 /* ZHCellCollectionViewCell.h */ = {isa = PBXFileReference; fileEncoding = 4; lastKnownFileType = sourcecode.c.h; path = ZHCellCollectionViewCell.h; sourceTree = "<group>"; };
		C62B84891BE3F8D300D3C444 /* ZHCellCollectionViewCell.m */ = {isa = PBXFileReference; fileEncoding = 4; lastKnownFileType = sourcecode.c.objc; path = ZHCellCollectionViewCell.m; sourceTree = "<group>"; };
		C62B848E1BE4023C00D3C444 /* ZHUserDefaults.h */ = {isa = PBXFileReference; fileEncoding = 4; lastKnownFileType = sourcecode.c.h; path = ZHUserDefaults.h; sourceTree = "<group>"; };
		C62B848F1BE4023C00D3C444 /* ZHUserDefaults.m */ = {isa = PBXFileReference; fileEncoding = 4; lastKnownFileType = sourcecode.c.objc; path = ZHUserDefaults.m; sourceTree = "<group>"; };
		C62B84921BE4116700D3C444 /* ZHViewController.h */ = {isa = PBXFileReference; fileEncoding = 4; lastKnownFileType = sourcecode.c.h; path = ZHViewController.h; sourceTree = "<group>"; };
		C62B84931BE4116700D3C444 /* ZHViewController.m */ = {isa = PBXFileReference; fileEncoding = 4; lastKnownFileType = sourcecode.c.objc; path = ZHViewController.m; sourceTree = "<group>"; };
		C62B84961BE411CD00D3C444 /* ZHTableViewController.h */ = {isa = PBXFileReference; fileEncoding = 4; lastKnownFileType = sourcecode.c.h; path = ZHTableViewController.h; sourceTree = "<group>"; };
		C62B84971BE411CD00D3C444 /* ZHTableViewController.m */ = {isa = PBXFileReference; fileEncoding = 4; lastKnownFileType = sourcecode.c.objc; path = ZHTableViewController.m; sourceTree = "<group>"; };
		C62B84991BE4193B00D3C444 /* ZHTitleHeaderView.h */ = {isa = PBXFileReference; fileEncoding = 4; lastKnownFileType = sourcecode.c.h; path = ZHTitleHeaderView.h; sourceTree = "<group>"; };
		C62B849A1BE4193B00D3C444 /* ZHTitleHeaderView.m */ = {isa = PBXFileReference; fileEncoding = 4; lastKnownFileType = sourcecode.c.objc; path = ZHTitleHeaderView.m; sourceTree = "<group>"; };
		C62B849C1BE4194800D3C444 /* ZHTitleHeaderView.xib */ = {isa = PBXFileReference; fileEncoding = 4; lastKnownFileType = file.xib; path = ZHTitleHeaderView.xib; sourceTree = "<group>"; };
		C62B849F1BE4593C00D3C444 /* ZHCellNode.h */ = {isa = PBXFileReference; fileEncoding = 4; lastKnownFileType = sourcecode.c.h; path = ZHCellNode.h; sourceTree = "<group>"; };
		C62B84A01BE4593C00D3C444 /* ZHCellNode.m */ = {isa = PBXFileReference; fileEncoding = 4; lastKnownFileType = sourcecode.c.objc; path = ZHCellNode.m; sourceTree = "<group>"; };
		C62DBB751BE3189700FEFAA2 /* Minesweeper.app */ = {isa = PBXFileReference; explicitFileType = wrapper.application; includeInIndex = 0; path = Minesweeper.app; sourceTree = BUILT_PRODUCTS_DIR; };
		C62DBB791BE3189700FEFAA2 /* main.m */ = {isa = PBXFileReference; lastKnownFileType = sourcecode.c.objc; path = main.m; sourceTree = "<group>"; };
		C62DBB7B1BE3189700FEFAA2 /* AppDelegate.h */ = {isa = PBXFileReference; lastKnownFileType = sourcecode.c.h; path = AppDelegate.h; sourceTree = "<group>"; };
		C62DBB7C1BE3189700FEFAA2 /* AppDelegate.m */ = {isa = PBXFileReference; lastKnownFileType = sourcecode.c.objc; path = AppDelegate.m; sourceTree = "<group>"; };
		C62DBB7E1BE3189700FEFAA2 /* ZHGameScene.h */ = {isa = PBXFileReference; lastKnownFileType = sourcecode.c.h; path = ZHGameScene.h; sourceTree = "<group>"; };
		C62DBB7F1BE3189700FEFAA2 /* ZHGameScene.m */ = {isa = PBXFileReference; lastKnownFileType = sourcecode.c.objc; path = ZHGameScene.m; sourceTree = "<group>"; };
		C62DBB831BE3189700FEFAA2 /* ZHSpriteKitGameViewController.h */ = {isa = PBXFileReference; lastKnownFileType = sourcecode.c.h; path = ZHSpriteKitGameViewController.h; sourceTree = "<group>"; };
		C62DBB841BE3189700FEFAA2 /* ZHSpriteKitGameViewController.m */ = {isa = PBXFileReference; lastKnownFileType = sourcecode.c.objc; path = ZHSpriteKitGameViewController.m; sourceTree = "<group>"; };
		C62DBB871BE3189700FEFAA2 /* Base */ = {isa = PBXFileReference; lastKnownFileType = file.storyboard; name = Base; path = Base.lproj/Main.storyboard; sourceTree = "<group>"; };
		C62DBB891BE3189700FEFAA2 /* Assets.xcassets */ = {isa = PBXFileReference; lastKnownFileType = folder.assetcatalog; path = Assets.xcassets; sourceTree = "<group>"; };
		C62DBB8C1BE3189700FEFAA2 /* Base */ = {isa = PBXFileReference; lastKnownFileType = file.storyboard; name = Base; path = Base.lproj/LaunchScreen.storyboard; sourceTree = "<group>"; };
		C62DBB8E1BE3189700FEFAA2 /* Info.plist */ = {isa = PBXFileReference; lastKnownFileType = text.plist.xml; path = Info.plist; sourceTree = "<group>"; };
		C62DBB931BE3189700FEFAA2 /* MinesweeperTests.xctest */ = {isa = PBXFileReference; explicitFileType = wrapper.cfbundle; includeInIndex = 0; path = MinesweeperTests.xctest; sourceTree = BUILT_PRODUCTS_DIR; };
		C62DBB971BE3189700FEFAA2 /* MinesweeperTests.m */ = {isa = PBXFileReference; lastKnownFileType = sourcecode.c.objc; path = MinesweeperTests.m; sourceTree = "<group>"; };
		C62DBB991BE3189700FEFAA2 /* Info.plist */ = {isa = PBXFileReference; lastKnownFileType = text.plist.xml; path = Info.plist; sourceTree = "<group>"; };
		C62DBB9E1BE3189700FEFAA2 /* MinesweeperUITests.xctest */ = {isa = PBXFileReference; explicitFileType = wrapper.cfbundle; includeInIndex = 0; path = MinesweeperUITests.xctest; sourceTree = BUILT_PRODUCTS_DIR; };
		C62DBBA21BE3189700FEFAA2 /* MinesweeperUITests.m */ = {isa = PBXFileReference; lastKnownFileType = sourcecode.c.objc; path = MinesweeperUITests.m; sourceTree = "<group>"; };
		C62DBBA41BE3189700FEFAA2 /* Info.plist */ = {isa = PBXFileReference; lastKnownFileType = text.plist.xml; path = Info.plist; sourceTree = "<group>"; };
		C62DBBB01BE318AF00FEFAA2 /* ZHCell.h */ = {isa = PBXFileReference; fileEncoding = 4; lastKnownFileType = sourcecode.c.h; path = ZHCell.h; sourceTree = "<group>"; };
		C62DBBB11BE318AF00FEFAA2 /* ZHCell.m */ = {isa = PBXFileReference; fileEncoding = 4; lastKnownFileType = sourcecode.c.objc; path = ZHCell.m; sourceTree = "<group>"; };
		C62DBBB31BE3193300FEFAA2 /* ZHBoard.h */ = {isa = PBXFileReference; fileEncoding = 4; lastKnownFileType = sourcecode.c.h; path = ZHBoard.h; sourceTree = "<group>"; };
		C62DBBB41BE3193300FEFAA2 /* ZHBoard.m */ = {isa = PBXFileReference; fileEncoding = 4; lastKnownFileType = sourcecode.c.objc; path = ZHBoard.m; sourceTree = "<group>"; };
		C62DBBC01BE31B1900FEFAA2 /* ZHOptionsTableViewController.h */ = {isa = PBXFileReference; fileEncoding = 4; lastKnownFileType = sourcecode.c.h; path = ZHOptionsTableViewController.h; sourceTree = "<group>"; };
		C62DBBC11BE31B1900FEFAA2 /* ZHOptionsTableViewController.m */ = {isa = PBXFileReference; fileEncoding = 4; lastKnownFileType = sourcecode.c.objc; path = ZHOptionsTableViewController.m; sourceTree = "<group>"; };
		C660912E1BE54FAE001D5FEE /* UIColor+ZH.h */ = {isa = PBXFileReference; fileEncoding = 4; lastKnownFileType = sourcecode.c.h; path = "UIColor+ZH.h"; sourceTree = "<group>"; };
		C660912F1BE54FAE001D5FEE /* UIColor+ZH.m */ = {isa = PBXFileReference; fileEncoding = 4; lastKnownFileType = sourcecode.c.objc; path = "UIColor+ZH.m"; sourceTree = "<group>"; };
		C66091841BE80A06001D5FEE /* Documents */ = {isa = PBXFileReference; lastKnownFileType = folder; path = Documents; sourceTree = "<group>"; };
		C66091B31BED7B8B001D5FEE /* MinesweeperTVOS.app */ = {isa = PBXFileReference; explicitFileType = wrapper.application; includeInIndex = 0; path = MinesweeperTVOS.app; sourceTree = BUILT_PRODUCTS_DIR; };
		C66091B61BED7B8B001D5FEE /* main.m */ = {isa = PBXFileReference; lastKnownFileType = sourcecode.c.objc; path = main.m; sourceTree = "<group>"; };
		C66091B81BED7B8B001D5FEE /* AppDelegate.h */ = {isa = PBXFileReference; lastKnownFileType = sourcecode.c.h; path = AppDelegate.h; sourceTree = "<group>"; };
		C66091B91BED7B8B001D5FEE /* AppDelegate.m */ = {isa = PBXFileReference; lastKnownFileType = sourcecode.c.objc; path = AppDelegate.m; sourceTree = "<group>"; };
		C66091BB1BED7B8B001D5FEE /* ZHTVOptionsViewController.h */ = {isa = PBXFileReference; lastKnownFileType = sourcecode.c.h; path = ZHTVOptionsViewController.h; sourceTree = "<group>"; };
		C66091BC1BED7B8B001D5FEE /* ZHTVOptionsViewController.m */ = {isa = PBXFileReference; lastKnownFileType = sourcecode.c.objc; path = ZHTVOptionsViewController.m; sourceTree = "<group>"; };
		C66091BF1BED7B8B001D5FEE /* Base */ = {isa = PBXFileReference; lastKnownFileType = file.storyboard; name = Base; path = Base.lproj/Main.storyboard; sourceTree = "<group>"; };
		C66091C11BED7B8B001D5FEE /* Assets.xcassets */ = {isa = PBXFileReference; lastKnownFileType = folder.assetcatalog; path = Assets.xcassets; sourceTree = "<group>"; };
		C66091C31BED7B8B001D5FEE /* Info.plist */ = {isa = PBXFileReference; lastKnownFileType = text.plist.xml; path = Info.plist; sourceTree = "<group>"; };
		C66091C81BED7B8B001D5FEE /* MinesweeperTVOSTests.xctest */ = {isa = PBXFileReference; explicitFileType = wrapper.cfbundle; includeInIndex = 0; path = MinesweeperTVOSTests.xctest; sourceTree = BUILT_PRODUCTS_DIR; };
		C66091CC1BED7B8B001D5FEE /* MinesweeperTVOSTests.m */ = {isa = PBXFileReference; lastKnownFileType = sourcecode.c.objc; path = MinesweeperTVOSTests.m; sourceTree = "<group>"; };
		C66091CE1BED7B8B001D5FEE /* Info.plist */ = {isa = PBXFileReference; lastKnownFileType = text.plist.xml; path = Info.plist; sourceTree = "<group>"; };
/* End PBXFileReference section */

/* Begin PBXFrameworksBuildPhase section */
		C62DBB721BE3189700FEFAA2 /* Frameworks */ = {
			isa = PBXFrameworksBuildPhase;
			buildActionMask = 2147483647;
			files = (
			);
			runOnlyForDeploymentPostprocessing = 0;
		};
		C62DBB901BE3189700FEFAA2 /* Frameworks */ = {
			isa = PBXFrameworksBuildPhase;
			buildActionMask = 2147483647;
			files = (
			);
			runOnlyForDeploymentPostprocessing = 0;
		};
		C62DBB9B1BE3189700FEFAA2 /* Frameworks */ = {
			isa = PBXFrameworksBuildPhase;
			buildActionMask = 2147483647;
			files = (
			);
			runOnlyForDeploymentPostprocessing = 0;
		};
		C66091B01BED7B8B001D5FEE /* Frameworks */ = {
			isa = PBXFrameworksBuildPhase;
			buildActionMask = 2147483647;
			files = (
			);
			runOnlyForDeploymentPostprocessing = 0;
		};
		C66091C51BED7B8B001D5FEE /* Frameworks */ = {
			isa = PBXFrameworksBuildPhase;
			buildActionMask = 2147483647;
			files = (
			);
			runOnlyForDeploymentPostprocessing = 0;
		};
/* End PBXFrameworksBuildPhase section */

/* Begin PBXGroup section */
		C62B848B1BE3F8DB00D3C444 /* Game (collection view) */ = {
			isa = PBXGroup;
			children = (
				C62B84821BE3E34600D3C444 /* ZHUIKitGameViewController.h */,
				C62B84831BE3E34600D3C444 /* ZHUIKitGameViewController.m */,
				C62B84911BE404F900D3C444 /* Cell */,
			);
			name = "Game (collection view)";
			sourceTree = "<group>";
		};
		C62B848C1BE3F8E600D3C444 /* Game (spritekit) */ = {
			isa = PBXGroup;
			children = (
				C6018FAE1BF8000000B44664 /* ZHSKCursorView.h */,
				C6018FAF1BF8000000B44664 /* ZHSKCursorView.m */,
				C62B84A21BE459DE00D3C444 /* Scenes */,
				C62DBB831BE3189700FEFAA2 /* ZHSpriteKitGameViewController.h */,
				C62DBB841BE3189700FEFAA2 /* ZHSpriteKitGameViewController.m */,
			);
			name = "Game (spritekit)";
			sourceTree = "<group>";
		};
		C62B848D1BE3F8EE00D3C444 /* Options */ = {
			isa = PBXGroup;
			children = (
				C62B849E1BE4194C00D3C444 /* Header */,
				C62DBBC01BE31B1900FEFAA2 /* ZHOptionsTableViewController.h */,
				C62DBBC11BE31B1900FEFAA2 /* ZHOptionsTableViewController.m */,
			);
			name = Options;
			sourceTree = "<group>";
		};
		C62B84911BE404F900D3C444 /* Cell */ = {
			isa = PBXGroup;
			children = (
				C62B84881BE3F8D300D3C444 /* ZHCellCollectionViewCell.h */,
				C62B84891BE3F8D300D3C444 /* ZHCellCollectionViewCell.m */,
			);
			name = Cell;
			sourceTree = "<group>";
		};
		C62B84951BE4116E00D3C444 /* Base */ = {
			isa = PBXGroup;
			children = (
				C62B84921BE4116700D3C444 /* ZHViewController.h */,
				C62B84931BE4116700D3C444 /* ZHViewController.m */,
				C62B84961BE411CD00D3C444 /* ZHTableViewController.h */,
				C62B84971BE411CD00D3C444 /* ZHTableViewController.m */,
			);
			name = Base;
			sourceTree = "<group>";
		};
		C62B849E1BE4194C00D3C444 /* Header */ = {
			isa = PBXGroup;
			children = (
				C62B84991BE4193B00D3C444 /* ZHTitleHeaderView.h */,
				C62B849A1BE4193B00D3C444 /* ZHTitleHeaderView.m */,
				C62B849C1BE4194800D3C444 /* ZHTitleHeaderView.xib */,
			);
			name = Header;
			sourceTree = "<group>";
		};
		C62B84A21BE459DE00D3C444 /* Scenes */ = {
			isa = PBXGroup;
			children = (
				C62B84A31BE459E300D3C444 /* Nodes */,
				C62DBB7E1BE3189700FEFAA2 /* ZHGameScene.h */,
				C62DBB7F1BE3189700FEFAA2 /* ZHGameScene.m */,
			);
			name = Scenes;
			sourceTree = "<group>";
		};
		C62B84A31BE459E300D3C444 /* Nodes */ = {
			isa = PBXGroup;
			children = (
				C62B849F1BE4593C00D3C444 /* ZHCellNode.h */,
				C62B84A01BE4593C00D3C444 /* ZHCellNode.m */,
			);
			name = Nodes;
			sourceTree = "<group>";
		};
		C62DBB6C1BE3189700FEFAA2 = {
			isa = PBXGroup;
			children = (
				C62DBB771BE3189700FEFAA2 /* Minesweeper */,
				C62DBB961BE3189700FEFAA2 /* MinesweeperTests */,
				C62DBBA11BE3189700FEFAA2 /* MinesweeperUITests */,
				C66091B41BED7B8B001D5FEE /* MinesweeperTVOS */,
				C66091CB1BED7B8B001D5FEE /* MinesweeperTVOSTests */,
				C62DBB761BE3189700FEFAA2 /* Products */,
			);
			sourceTree = "<group>";
		};
		C62DBB761BE3189700FEFAA2 /* Products */ = {
			isa = PBXGroup;
			children = (
				C62DBB751BE3189700FEFAA2 /* Minesweeper.app */,
				C62DBB931BE3189700FEFAA2 /* MinesweeperTests.xctest */,
				C62DBB9E1BE3189700FEFAA2 /* MinesweeperUITests.xctest */,
				C66091B31BED7B8B001D5FEE /* MinesweeperTVOS.app */,
				C66091C81BED7B8B001D5FEE /* MinesweeperTVOSTests.xctest */,
			);
			name = Products;
			sourceTree = "<group>";
		};
		C62DBB771BE3189700FEFAA2 /* Minesweeper */ = {
			isa = PBXGroup;
			children = (
				C62DBBBF1BE31AA200FEFAA2 /* Categories */,
				C66091841BE80A06001D5FEE /* Documents */,
				C62DBBB91BE31A3200FEFAA2 /* Model */,
				C62DBB781BE3189700FEFAA2 /* Supporting Files */,
				C62DBBBA1BE31A3E00FEFAA2 /* UserInterface */,
				C62DBBBB1BE31A4800FEFAA2 /* ViewControllers */,
			);
			path = Minesweeper;
			sourceTree = "<group>";
		};
		C62DBB781BE3189700FEFAA2 /* Supporting Files */ = {
			isa = PBXGroup;
			children = (
				C62DBB8E1BE3189700FEFAA2 /* Info.plist */,
				C62DBB7B1BE3189700FEFAA2 /* AppDelegate.h */,
				C62DBB7C1BE3189700FEFAA2 /* AppDelegate.m */,
				C62DBB791BE3189700FEFAA2 /* main.m */,
			);
			name = "Supporting Files";
			sourceTree = "<group>";
		};
		C62DBB961BE3189700FEFAA2 /* MinesweeperTests */ = {
			isa = PBXGroup;
			children = (
				C62DBB971BE3189700FEFAA2 /* MinesweeperTests.m */,
				C62DBB991BE3189700FEFAA2 /* Info.plist */,
			);
			path = MinesweeperTests;
			sourceTree = "<group>";
		};
		C62DBBA11BE3189700FEFAA2 /* MinesweeperUITests */ = {
			isa = PBXGroup;
			children = (
				C62DBBA21BE3189700FEFAA2 /* MinesweeperUITests.m */,
				C62DBBA41BE3189700FEFAA2 /* Info.plist */,
			);
			path = MinesweeperUITests;
			sourceTree = "<group>";
		};
		C62DBBB91BE31A3200FEFAA2 /* Model */ = {
			isa = PBXGroup;
			children = (
				C66091321BE55D9F001D5FEE /* Game */,
				C66091331BE55DA4001D5FEE /* UserDefaults */,
			);
			name = Model;
			sourceTree = "<group>";
		};
		C62DBBBA1BE31A3E00FEFAA2 /* UserInterface */ = {
			isa = PBXGroup;
			children = (
				C62DBB861BE3189700FEFAA2 /* Main.storyboard */,
				C62DBB891BE3189700FEFAA2 /* Assets.xcassets */,
				C62DBB8B1BE3189700FEFAA2 /* LaunchScreen.storyboard */,
			);
			name = UserInterface;
			sourceTree = "<group>";
		};
		C62DBBBB1BE31A4800FEFAA2 /* ViewControllers */ = {
			isa = PBXGroup;
			children = (
				C62B84951BE4116E00D3C444 /* Base */,
				C62B848D1BE3F8EE00D3C444 /* Options */,
				C62B848C1BE3F8E600D3C444 /* Game (spritekit) */,
				C62B848B1BE3F8DB00D3C444 /* Game (collection view) */,
			);
			name = ViewControllers;
			sourceTree = "<group>";
		};
		C62DBBBF1BE31AA200FEFAA2 /* Categories */ = {
			isa = PBXGroup;
			children = (
				C660912E1BE54FAE001D5FEE /* UIColor+ZH.h */,
				C660912F1BE54FAE001D5FEE /* UIColor+ZH.m */,
			);
			name = Categories;
			sourceTree = "<group>";
		};
		C66091321BE55D9F001D5FEE /* Game */ = {
			isa = PBXGroup;
			children = (
				C62DBBB01BE318AF00FEFAA2 /* ZHCell.h */,
				C62DBBB11BE318AF00FEFAA2 /* ZHCell.m */,
				C62DBBB31BE3193300FEFAA2 /* ZHBoard.h */,
				C62DBBB41BE3193300FEFAA2 /* ZHBoard.m */,
			);
			name = Game;
			sourceTree = "<group>";
		};
		C66091331BE55DA4001D5FEE /* UserDefaults */ = {
			isa = PBXGroup;
			children = (
				C62B848E1BE4023C00D3C444 /* ZHUserDefaults.h */,
				C62B848F1BE4023C00D3C444 /* ZHUserDefaults.m */,
			);
			name = UserDefaults;
			sourceTree = "<group>";
		};
		C66091B41BED7B8B001D5FEE /* MinesweeperTVOS */ = {
			isa = PBXGroup;
			children = (
				C66091B81BED7B8B001D5FEE /* AppDelegate.h */,
				C66091B91BED7B8B001D5FEE /* AppDelegate.m */,
				C66091BB1BED7B8B001D5FEE /* ZHTVOptionsViewController.h */,
				C66091BC1BED7B8B001D5FEE /* ZHTVOptionsViewController.m */,
				C66091BE1BED7B8B001D5FEE /* Main.storyboard */,
				C66091C11BED7B8B001D5FEE /* Assets.xcassets */,
				C66091C31BED7B8B001D5FEE /* Info.plist */,
				C66091B51BED7B8B001D5FEE /* Supporting Files */,
			);
			path = MinesweeperTVOS;
			sourceTree = "<group>";
		};
		C66091B51BED7B8B001D5FEE /* Supporting Files */ = {
			isa = PBXGroup;
			children = (
				C66091B61BED7B8B001D5FEE /* main.m */,
			);
			name = "Supporting Files";
			sourceTree = "<group>";
		};
		C66091CB1BED7B8B001D5FEE /* MinesweeperTVOSTests */ = {
			isa = PBXGroup;
			children = (
				C66091CC1BED7B8B001D5FEE /* MinesweeperTVOSTests.m */,
				C66091CE1BED7B8B001D5FEE /* Info.plist */,
			);
			path = MinesweeperTVOSTests;
			sourceTree = "<group>";
		};
/* End PBXGroup section */

/* Begin PBXNativeTarget section */
		C62DBB741BE3189700FEFAA2 /* Minesweeper */ = {
			isa = PBXNativeTarget;
			buildConfigurationList = C62DBBA71BE3189700FEFAA2 /* Build configuration list for PBXNativeTarget "Minesweeper" */;
			buildPhases = (
				C62DBB711BE3189700FEFAA2 /* Sources */,
				C62DBB721BE3189700FEFAA2 /* Frameworks */,
				C62DBB731BE3189700FEFAA2 /* Resources */,
			);
			buildRules = (
			);
			dependencies = (
			);
			name = Minesweeper;
			productName = Minesweeper;
			productReference = C62DBB751BE3189700FEFAA2 /* Minesweeper.app */;
			productType = "com.apple.product-type.application";
		};
		C62DBB921BE3189700FEFAA2 /* MinesweeperTests */ = {
			isa = PBXNativeTarget;
			buildConfigurationList = C62DBBAA1BE3189700FEFAA2 /* Build configuration list for PBXNativeTarget "MinesweeperTests" */;
			buildPhases = (
				C62DBB8F1BE3189700FEFAA2 /* Sources */,
				C62DBB901BE3189700FEFAA2 /* Frameworks */,
				C62DBB911BE3189700FEFAA2 /* Resources */,
			);
			buildRules = (
			);
			dependencies = (
				C62DBB951BE3189700FEFAA2 /* PBXTargetDependency */,
			);
			name = MinesweeperTests;
			productName = MinesweeperTests;
			productReference = C62DBB931BE3189700FEFAA2 /* MinesweeperTests.xctest */;
			productType = "com.apple.product-type.bundle.unit-test";
		};
		C62DBB9D1BE3189700FEFAA2 /* MinesweeperUITests */ = {
			isa = PBXNativeTarget;
			buildConfigurationList = C62DBBAD1BE3189700FEFAA2 /* Build configuration list for PBXNativeTarget "MinesweeperUITests" */;
			buildPhases = (
				C62DBB9A1BE3189700FEFAA2 /* Sources */,
				C62DBB9B1BE3189700FEFAA2 /* Frameworks */,
				C62DBB9C1BE3189700FEFAA2 /* Resources */,
			);
			buildRules = (
			);
			dependencies = (
				C62DBBA01BE3189700FEFAA2 /* PBXTargetDependency */,
			);
			name = MinesweeperUITests;
			productName = MinesweeperUITests;
			productReference = C62DBB9E1BE3189700FEFAA2 /* MinesweeperUITests.xctest */;
			productType = "com.apple.product-type.bundle.ui-testing";
		};
		C66091B21BED7B8B001D5FEE /* MinesweeperTVOS */ = {
			isa = PBXNativeTarget;
			buildConfigurationList = C66091CF1BED7B8B001D5FEE /* Build configuration list for PBXNativeTarget "MinesweeperTVOS" */;
			buildPhases = (
				C66091AF1BED7B8B001D5FEE /* Sources */,
				C66091B01BED7B8B001D5FEE /* Frameworks */,
				C66091B11BED7B8B001D5FEE /* Resources */,
			);
			buildRules = (
			);
			dependencies = (
			);
			name = MinesweeperTVOS;
			productName = MinesweeperTVOS;
			productReference = C66091B31BED7B8B001D5FEE /* MinesweeperTVOS.app */;
			productType = "com.apple.product-type.application";
		};
		C66091C71BED7B8B001D5FEE /* MinesweeperTVOSTests */ = {
			isa = PBXNativeTarget;
			buildConfigurationList = C66091D21BED7B8B001D5FEE /* Build configuration list for PBXNativeTarget "MinesweeperTVOSTests" */;
			buildPhases = (
				C66091C41BED7B8B001D5FEE /* Sources */,
				C66091C51BED7B8B001D5FEE /* Frameworks */,
				C66091C61BED7B8B001D5FEE /* Resources */,
			);
			buildRules = (
			);
			dependencies = (
				C66091CA1BED7B8B001D5FEE /* PBXTargetDependency */,
			);
			name = MinesweeperTVOSTests;
			productName = MinesweeperTVOSTests;
			productReference = C66091C81BED7B8B001D5FEE /* MinesweeperTVOSTests.xctest */;
			productType = "com.apple.product-type.bundle.unit-test";
		};
/* End PBXNativeTarget section */

/* Begin PBXProject section */
		C62DBB6D1BE3189700FEFAA2 /* Project object */ = {
			isa = PBXProject;
			attributes = {
				LastUpgradeCheck = 0710;
				ORGANIZATIONNAME = "Zakk Hoyt";
				TargetAttributes = {
					C62DBB741BE3189700FEFAA2 = {
						CreatedOnToolsVersion = 7.1;
					};
					C62DBB921BE3189700FEFAA2 = {
						CreatedOnToolsVersion = 7.1;
						TestTargetID = C62DBB741BE3189700FEFAA2;
					};
					C62DBB9D1BE3189700FEFAA2 = {
						CreatedOnToolsVersion = 7.1;
						TestTargetID = C62DBB741BE3189700FEFAA2;
					};
					C66091B21BED7B8B001D5FEE = {
						CreatedOnToolsVersion = 7.1;
						DevelopmentTeam = J7U74N85YF;
					};
					C66091C71BED7B8B001D5FEE = {
						CreatedOnToolsVersion = 7.1;
						TestTargetID = C66091B21BED7B8B001D5FEE;
					};
				};
			};
			buildConfigurationList = C62DBB701BE3189700FEFAA2 /* Build configuration list for PBXProject "Minesweeper" */;
			compatibilityVersion = "Xcode 3.2";
			developmentRegion = English;
			hasScannedForEncodings = 0;
			knownRegions = (
				en,
				Base,
			);
			mainGroup = C62DBB6C1BE3189700FEFAA2;
			productRefGroup = C62DBB761BE3189700FEFAA2 /* Products */;
			projectDirPath = "";
			projectRoot = "";
			targets = (
				C62DBB741BE3189700FEFAA2 /* Minesweeper */,
				C62DBB921BE3189700FEFAA2 /* MinesweeperTests */,
				C62DBB9D1BE3189700FEFAA2 /* MinesweeperUITests */,
				C66091B21BED7B8B001D5FEE /* MinesweeperTVOS */,
				C66091C71BED7B8B001D5FEE /* MinesweeperTVOSTests */,
			);
		};
/* End PBXProject section */

/* Begin PBXResourcesBuildPhase section */
		C62DBB731BE3189700FEFAA2 /* Resources */ = {
			isa = PBXResourcesBuildPhase;
			buildActionMask = 2147483647;
			files = (
				C62B849D1BE4194800D3C444 /* ZHTitleHeaderView.xib in Resources */,
				C62DBB8D1BE3189700FEFAA2 /* LaunchScreen.storyboard in Resources */,
				C62DBB8A1BE3189700FEFAA2 /* Assets.xcassets in Resources */,
				C62DBB881BE3189700FEFAA2 /* Main.storyboard in Resources */,
				C66091851BE80A06001D5FEE /* Documents in Resources */,
			);
			runOnlyForDeploymentPostprocessing = 0;
		};
		C62DBB911BE3189700FEFAA2 /* Resources */ = {
			isa = PBXResourcesBuildPhase;
			buildActionMask = 2147483647;
			files = (
			);
			runOnlyForDeploymentPostprocessing = 0;
		};
		C62DBB9C1BE3189700FEFAA2 /* Resources */ = {
			isa = PBXResourcesBuildPhase;
			buildActionMask = 2147483647;
			files = (
			);
			runOnlyForDeploymentPostprocessing = 0;
		};
		C66091B11BED7B8B001D5FEE /* Resources */ = {
			isa = PBXResourcesBuildPhase;
			buildActionMask = 2147483647;
			files = (
				C66091C21BED7B8B001D5FEE /* Assets.xcassets in Resources */,
				C66091C01BED7B8B001D5FEE /* Main.storyboard in Resources */,
			);
			runOnlyForDeploymentPostprocessing = 0;
		};
		C66091C61BED7B8B001D5FEE /* Resources */ = {
			isa = PBXResourcesBuildPhase;
			buildActionMask = 2147483647;
			files = (
			);
			runOnlyForDeploymentPostprocessing = 0;
		};
/* End PBXResourcesBuildPhase section */

/* Begin PBXSourcesBuildPhase section */
		C62DBB711BE3189700FEFAA2 /* Sources */ = {
			isa = PBXSourcesBuildPhase;
			buildActionMask = 2147483647;
			files = (
				C62DBBB51BE3193300FEFAA2 /* ZHBoard.m in Sources */,
				C66091301BE54FAE001D5FEE /* UIColor+ZH.m in Sources */,
				C62DBB851BE3189700FEFAA2 /* ZHSpriteKitGameViewController.m in Sources */,
				C62DBB7D1BE3189700FEFAA2 /* AppDelegate.m in Sources */,
				C6018FB21BF8000700B44664 /* ZHSKCursorView.m in Sources */,
				C62DBB801BE3189700FEFAA2 /* ZHGameScene.m in Sources */,
				C62B848A1BE3F8D300D3C444 /* ZHCellCollectionViewCell.m in Sources */,
				C62DBBB21BE318AF00FEFAA2 /* ZHCell.m in Sources */,
				C62B84941BE4116700D3C444 /* ZHViewController.m in Sources */,
				C62B84901BE4023C00D3C444 /* ZHUserDefaults.m in Sources */,
				C62B849B1BE4193B00D3C444 /* ZHTitleHeaderView.m in Sources */,
				C62B84981BE411CD00D3C444 /* ZHTableViewController.m in Sources */,
				C62DBB7A1BE3189700FEFAA2 /* main.m in Sources */,
				C62DBBC21BE31B1900FEFAA2 /* ZHOptionsTableViewController.m in Sources */,
				C62B84A11BE4593C00D3C444 /* ZHCellNode.m in Sources */,
				C62B84841BE3E34600D3C444 /* ZHUIKitGameViewController.m in Sources */,
			);
			runOnlyForDeploymentPostprocessing = 0;
		};
		C62DBB8F1BE3189700FEFAA2 /* Sources */ = {
			isa = PBXSourcesBuildPhase;
			buildActionMask = 2147483647;
			files = (
				C62DBB981BE3189700FEFAA2 /* MinesweeperTests.m in Sources */,
			);
			runOnlyForDeploymentPostprocessing = 0;
		};
		C62DBB9A1BE3189700FEFAA2 /* Sources */ = {
			isa = PBXSourcesBuildPhase;
			buildActionMask = 2147483647;
			files = (
				C62DBBA31BE3189700FEFAA2 /* MinesweeperUITests.m in Sources */,
			);
			runOnlyForDeploymentPostprocessing = 0;
		};
		C66091AF1BED7B8B001D5FEE /* Sources */ = {
			isa = PBXSourcesBuildPhase;
			buildActionMask = 2147483647;
			files = (
				C68F44F21BF310510044F020 /* ZHSpriteKitGameViewController.m in Sources */,
				C66091E51BED7CF4001D5FEE /* AppDelegate.m in Sources */,
				C6592B791BEE8C6B008FFBE2 /* UIColor+ZH.m in Sources */,
				C6592B741BEE8AE2008FFBE2 /* ZHUIKitGameViewController.m in Sources */,
				C68F44F31BF310620044F020 /* ZHCellNode.m in Sources */,
				C6592B761BEE8AFC008FFBE2 /* ZHTableViewController.m in Sources */,
				C6592B731BEE8901008FFBE2 /* ZHTVOptionsViewController.m in Sources */,
				C6592B781BEE8C3D008FFBE2 /* ZHCellCollectionViewCell.m in Sources */,
				C66091E41BED7CA5001D5FEE /* ZHUserDefaults.m in Sources */,
				C66091E31BED7CA1001D5FEE /* ZHBoard.m in Sources */,
				C6018FB11BF8000600B44664 /* ZHSKCursorView.m in Sources */,
				C66091B71BED7B8B001D5FEE /* main.m in Sources */,
				C6592B751BEE8AFC008FFBE2 /* ZHViewController.m in Sources */,
				C68F44F41BF310620044F020 /* ZHGameScene.m in Sources */,
				C66091E21BED7CA1001D5FEE /* ZHCell.m in Sources */,
			);
			runOnlyForDeploymentPostprocessing = 0;
		};
		C66091C41BED7B8B001D5FEE /* Sources */ = {
			isa = PBXSourcesBuildPhase;
			buildActionMask = 2147483647;
			files = (
				C66091CD1BED7B8B001D5FEE /* MinesweeperTVOSTests.m in Sources */,
			);
			runOnlyForDeploymentPostprocessing = 0;
		};
/* End PBXSourcesBuildPhase section */

/* Begin PBXTargetDependency section */
		C62DBB951BE3189700FEFAA2 /* PBXTargetDependency */ = {
			isa = PBXTargetDependency;
			target = C62DBB741BE3189700FEFAA2 /* Minesweeper */;
			targetProxy = C62DBB941BE3189700FEFAA2 /* PBXContainerItemProxy */;
		};
		C62DBBA01BE3189700FEFAA2 /* PBXTargetDependency */ = {
			isa = PBXTargetDependency;
			target = C62DBB741BE3189700FEFAA2 /* Minesweeper */;
			targetProxy = C62DBB9F1BE3189700FEFAA2 /* PBXContainerItemProxy */;
		};
		C66091CA1BED7B8B001D5FEE /* PBXTargetDependency */ = {
			isa = PBXTargetDependency;
			target = C66091B21BED7B8B001D5FEE /* MinesweeperTVOS */;
			targetProxy = C66091C91BED7B8B001D5FEE /* PBXContainerItemProxy */;
		};
/* End PBXTargetDependency section */

/* Begin PBXVariantGroup section */
		C62DBB861BE3189700FEFAA2 /* Main.storyboard */ = {
			isa = PBXVariantGroup;
			children = (
				C62DBB871BE3189700FEFAA2 /* Base */,
			);
			name = Main.storyboard;
			sourceTree = "<group>";
		};
		C62DBB8B1BE3189700FEFAA2 /* LaunchScreen.storyboard */ = {
			isa = PBXVariantGroup;
			children = (
				C62DBB8C1BE3189700FEFAA2 /* Base */,
			);
			name = LaunchScreen.storyboard;
			sourceTree = "<group>";
		};
		C66091BE1BED7B8B001D5FEE /* Main.storyboard */ = {
			isa = PBXVariantGroup;
			children = (
				C66091BF1BED7B8B001D5FEE /* Base */,
			);
			name = Main.storyboard;
			sourceTree = "<group>";
		};
/* End PBXVariantGroup section */

/* Begin XCBuildConfiguration section */
		C62DBBA51BE3189700FEFAA2 /* Debug */ = {
			isa = XCBuildConfiguration;
			buildSettings = {
				ALWAYS_SEARCH_USER_PATHS = NO;
				CLANG_CXX_LANGUAGE_STANDARD = "gnu++0x";
				CLANG_CXX_LIBRARY = "libc++";
				CLANG_ENABLE_MODULES = YES;
				CLANG_ENABLE_OBJC_ARC = YES;
				CLANG_WARN_BOOL_CONVERSION = YES;
				CLANG_WARN_CONSTANT_CONVERSION = YES;
				CLANG_WARN_DIRECT_OBJC_ISA_USAGE = YES_ERROR;
				CLANG_WARN_EMPTY_BODY = YES;
				CLANG_WARN_ENUM_CONVERSION = YES;
				CLANG_WARN_INT_CONVERSION = YES;
				CLANG_WARN_OBJC_ROOT_CLASS = YES_ERROR;
				CLANG_WARN_UNREACHABLE_CODE = YES;
				CLANG_WARN__DUPLICATE_METHOD_MATCH = YES;
				"CODE_SIGN_IDENTITY[sdk=iphoneos*]" = "iPhone Developer";
				COPY_PHASE_STRIP = NO;
				DEBUG_INFORMATION_FORMAT = "dwarf-with-dsym";
				ENABLE_STRICT_OBJC_MSGSEND = YES;
				ENABLE_TESTABILITY = YES;
				GCC_C_LANGUAGE_STANDARD = gnu99;
				GCC_DYNAMIC_NO_PIC = NO;
				GCC_NO_COMMON_BLOCKS = YES;
				GCC_OPTIMIZATION_LEVEL = 0;
				GCC_PREPROCESSOR_DEFINITIONS = (
					"DEBUG=1",
					"$(inherited)",
				);
				GCC_WARN_64_TO_32_BIT_CONVERSION = YES;
				GCC_WARN_ABOUT_RETURN_TYPE = YES_ERROR;
				GCC_WARN_UNDECLARED_SELECTOR = YES;
				GCC_WARN_UNINITIALIZED_AUTOS = YES_AGGRESSIVE;
				GCC_WARN_UNUSED_FUNCTION = YES;
				GCC_WARN_UNUSED_VARIABLE = YES;
				IPHONEOS_DEPLOYMENT_TARGET = 9.1;
				MTL_ENABLE_DEBUG_INFO = YES;
				ONLY_ACTIVE_ARCH = YES;
				SDKROOT = iphoneos;
				TARGETED_DEVICE_FAMILY = "1,2";
			};
			name = Debug;
		};
		C62DBBA61BE3189700FEFAA2 /* Release */ = {
			isa = XCBuildConfiguration;
			buildSettings = {
				ALWAYS_SEARCH_USER_PATHS = NO;
				CLANG_CXX_LANGUAGE_STANDARD = "gnu++0x";
				CLANG_CXX_LIBRARY = "libc++";
				CLANG_ENABLE_MODULES = YES;
				CLANG_ENABLE_OBJC_ARC = YES;
				CLANG_WARN_BOOL_CONVERSION = YES;
				CLANG_WARN_CONSTANT_CONVERSION = YES;
				CLANG_WARN_DIRECT_OBJC_ISA_USAGE = YES_ERROR;
				CLANG_WARN_EMPTY_BODY = YES;
				CLANG_WARN_ENUM_CONVERSION = YES;
				CLANG_WARN_INT_CONVERSION = YES;
				CLANG_WARN_OBJC_ROOT_CLASS = YES_ERROR;
				CLANG_WARN_UNREACHABLE_CODE = YES;
				CLANG_WARN__DUPLICATE_METHOD_MATCH = YES;
				"CODE_SIGN_IDENTITY[sdk=iphoneos*]" = "iPhone Developer";
				COPY_PHASE_STRIP = NO;
				DEBUG_INFORMATION_FORMAT = "dwarf-with-dsym";
				ENABLE_NS_ASSERTIONS = NO;
				ENABLE_STRICT_OBJC_MSGSEND = YES;
				GCC_C_LANGUAGE_STANDARD = gnu99;
				GCC_NO_COMMON_BLOCKS = YES;
				GCC_WARN_64_TO_32_BIT_CONVERSION = YES;
				GCC_WARN_ABOUT_RETURN_TYPE = YES_ERROR;
				GCC_WARN_UNDECLARED_SELECTOR = YES;
				GCC_WARN_UNINITIALIZED_AUTOS = YES_AGGRESSIVE;
				GCC_WARN_UNUSED_FUNCTION = YES;
				GCC_WARN_UNUSED_VARIABLE = YES;
				IPHONEOS_DEPLOYMENT_TARGET = 9.1;
				MTL_ENABLE_DEBUG_INFO = NO;
				SDKROOT = iphoneos;
				TARGETED_DEVICE_FAMILY = "1,2";
				VALIDATE_PRODUCT = YES;
			};
			name = Release;
		};
		C62DBBA81BE3189700FEFAA2 /* Debug */ = {
			isa = XCBuildConfiguration;
			buildSettings = {
				ASSETCATALOG_COMPILER_APPICON_NAME = AppIcon;
				INFOPLIST_FILE = Minesweeper/Info.plist;
				LD_RUNPATH_SEARCH_PATHS = "$(inherited) @executable_path/Frameworks";
				PRODUCT_BUNDLE_IDENTIFIER = com.vaporwarewolf.Minesweeper;
				PRODUCT_NAME = "$(TARGET_NAME)";
			};
			name = Debug;
		};
		C62DBBA91BE3189700FEFAA2 /* Release */ = {
			isa = XCBuildConfiguration;
			buildSettings = {
				ASSETCATALOG_COMPILER_APPICON_NAME = AppIcon;
				INFOPLIST_FILE = Minesweeper/Info.plist;
				LD_RUNPATH_SEARCH_PATHS = "$(inherited) @executable_path/Frameworks";
				PRODUCT_BUNDLE_IDENTIFIER = com.vaporwarewolf.Minesweeper;
				PRODUCT_NAME = "$(TARGET_NAME)";
			};
			name = Release;
		};
		C62DBBAB1BE3189700FEFAA2 /* Debug */ = {
			isa = XCBuildConfiguration;
			buildSettings = {
				BUNDLE_LOADER = "$(TEST_HOST)";
				DEBUG_INFORMATION_FORMAT = dwarf;
				INFOPLIST_FILE = MinesweeperTests/Info.plist;
				LD_RUNPATH_SEARCH_PATHS = "$(inherited) @executable_path/Frameworks @loader_path/Frameworks";
				PRODUCT_BUNDLE_IDENTIFIER = com.vaporwarewolf.MinesweeperTests;
				PRODUCT_NAME = "$(TARGET_NAME)";
				TEST_HOST = "$(BUILT_PRODUCTS_DIR)/Minesweeper.app/Minesweeper";
			};
			name = Debug;
		};
		C62DBBAC1BE3189700FEFAA2 /* Release */ = {
			isa = XCBuildConfiguration;
			buildSettings = {
				BUNDLE_LOADER = "$(TEST_HOST)";
				INFOPLIST_FILE = MinesweeperTests/Info.plist;
				LD_RUNPATH_SEARCH_PATHS = "$(inherited) @executable_path/Frameworks @loader_path/Frameworks";
				PRODUCT_BUNDLE_IDENTIFIER = com.vaporwarewolf.MinesweeperTests;
				PRODUCT_NAME = "$(TARGET_NAME)";
				TEST_HOST = "$(BUILT_PRODUCTS_DIR)/Minesweeper.app/Minesweeper";
			};
			name = Release;
		};
		C62DBBAE1BE3189700FEFAA2 /* Debug */ = {
			isa = XCBuildConfiguration;
			buildSettings = {
				DEBUG_INFORMATION_FORMAT = dwarf;
				INFOPLIST_FILE = MinesweeperUITests/Info.plist;
				LD_RUNPATH_SEARCH_PATHS = "$(inherited) @executable_path/Frameworks @loader_path/Frameworks";
				PRODUCT_BUNDLE_IDENTIFIER = com.vaporwarewolf.MinesweeperUITests;
				PRODUCT_NAME = "$(TARGET_NAME)";
				TEST_TARGET_NAME = Minesweeper;
				USES_XCTRUNNER = YES;
			};
			name = Debug;
		};
		C62DBBAF1BE3189700FEFAA2 /* Release */ = {
			isa = XCBuildConfiguration;
			buildSettings = {
				INFOPLIST_FILE = MinesweeperUITests/Info.plist;
				LD_RUNPATH_SEARCH_PATHS = "$(inherited) @executable_path/Frameworks @loader_path/Frameworks";
				PRODUCT_BUNDLE_IDENTIFIER = com.vaporwarewolf.MinesweeperUITests;
				PRODUCT_NAME = "$(TARGET_NAME)";
				TEST_TARGET_NAME = Minesweeper;
				USES_XCTRUNNER = YES;
			};
			name = Release;
		};
		C66091D01BED7B8B001D5FEE /* Debug */ = {
			isa = XCBuildConfiguration;
			buildSettings = {
				ASSETCATALOG_COMPILER_APPICON_NAME = "App Icon & Top Shelf Image";
				ASSETCATALOG_COMPILER_LAUNCHIMAGE_NAME = LaunchImage;
				CODE_SIGN_IDENTITY = "iPhone Developer";
				"CODE_SIGN_IDENTITY[sdk=appletvos*]" = "iPhone Developer";
				DEBUG_INFORMATION_FORMAT = dwarf;
				INFOPLIST_FILE = MinesweeperTVOS/Info.plist;
				LD_RUNPATH_SEARCH_PATHS = "$(inherited) @executable_path/Frameworks";
				PRODUCT_BUNDLE_IDENTIFIER = com.vaporwarewolf.MinesweeperTVOS;
				PRODUCT_NAME = "$(TARGET_NAME)";
				PROVISIONING_PROFILE = "";
				SDKROOT = appletvos;
				TARGETED_DEVICE_FAMILY = 3;
				TVOS_DEPLOYMENT_TARGET = 9.0;
			};
			name = Debug;
		};
		C66091D11BED7B8B001D5FEE /* Release */ = {
			isa = XCBuildConfiguration;
			buildSettings = {
				ASSETCATALOG_COMPILER_APPICON_NAME = "App Icon & Top Shelf Image";
				ASSETCATALOG_COMPILER_LAUNCHIMAGE_NAME = LaunchImage;
				CODE_SIGN_IDENTITY = "iPhone Developer";
				"CODE_SIGN_IDENTITY[sdk=appletvos*]" = "iPhone Developer";
				INFOPLIST_FILE = MinesweeperTVOS/Info.plist;
				LD_RUNPATH_SEARCH_PATHS = "$(inherited) @executable_path/Frameworks";
				PRODUCT_BUNDLE_IDENTIFIER = com.vaporwarewolf.MinesweeperTVOS;
				PRODUCT_NAME = "$(TARGET_NAME)";
				PROVISIONING_PROFILE = "";
				SDKROOT = appletvos;
				TARGETED_DEVICE_FAMILY = 3;
				TVOS_DEPLOYMENT_TARGET = 9.0;
			};
			name = Release;
		};
		C66091D31BED7B8B001D5FEE /* Debug */ = {
			isa = XCBuildConfiguration;
			buildSettings = {
				BUNDLE_LOADER = "$(TEST_HOST)";
				DEBUG_INFORMATION_FORMAT = dwarf;
				INFOPLIST_FILE = MinesweeperTVOSTests/Info.plist;
				LD_RUNPATH_SEARCH_PATHS = "$(inherited) @executable_path/Frameworks @loader_path/Frameworks";
				PRODUCT_BUNDLE_IDENTIFIER = com.vaporwarewolf.MinesweeperTVOSTests;
				PRODUCT_NAME = "$(TARGET_NAME)";
				SDKROOT = appletvos;
				TEST_HOST = "$(BUILT_PRODUCTS_DIR)/MinesweeperTVOS.app/MinesweeperTVOS";
				TVOS_DEPLOYMENT_TARGET = 9.0;
			};
			name = Debug;
		};
		C66091D41BED7B8B001D5FEE /* Release */ = {
			isa = XCBuildConfiguration;
			buildSettings = {
				BUNDLE_LOADER = "$(TEST_HOST)";
				INFOPLIST_FILE = MinesweeperTVOSTests/Info.plist;
				LD_RUNPATH_SEARCH_PATHS = "$(inherited) @executable_path/Frameworks @loader_path/Frameworks";
				PRODUCT_BUNDLE_IDENTIFIER = com.vaporwarewolf.MinesweeperTVOSTests;
				PRODUCT_NAME = "$(TARGET_NAME)";
				SDKROOT = appletvos;
				TEST_HOST = "$(BUILT_PRODUCTS_DIR)/MinesweeperTVOS.app/MinesweeperTVOS";
				TVOS_DEPLOYMENT_TARGET = 9.0;
			};
			name = Release;
		};
/* End XCBuildConfiguration section */

/* Begin XCConfigurationList section */
		C62DBB701BE3189700FEFAA2 /* Build configuration list for PBXProject "Minesweeper" */ = {
			isa = XCConfigurationList;
			buildConfigurations = (
				C62DBBA51BE3189700FEFAA2 /* Debug */,
				C62DBBA61BE3189700FEFAA2 /* Release */,
			);
			defaultConfigurationIsVisible = 0;
			defaultConfigurationName = Release;
		};
		C62DBBA71BE3189700FEFAA2 /* Build configuration list for PBXNativeTarget "Minesweeper" */ = {
			isa = XCConfigurationList;
			buildConfigurations = (
				C62DBBA81BE3189700FEFAA2 /* Debug */,
				C62DBBA91BE3189700FEFAA2 /* Release */,
			);
			defaultConfigurationIsVisible = 0;
			defaultConfigurationName = Release;
		};
		C62DBBAA1BE3189700FEFAA2 /* Build configuration list for PBXNativeTarget "MinesweeperTests" */ = {
			isa = XCConfigurationList;
			buildConfigurations = (
				C62DBBAB1BE3189700FEFAA2 /* Debug */,
				C62DBBAC1BE3189700FEFAA2 /* Release */,
			);
			defaultConfigurationIsVisible = 0;
			defaultConfigurationName = Release;
		};
		C62DBBAD1BE3189700FEFAA2 /* Build configuration list for PBXNativeTarget "MinesweeperUITests" */ = {
			isa = XCConfigurationList;
			buildConfigurations = (
				C62DBBAE1BE3189700FEFAA2 /* Debug */,
				C62DBBAF1BE3189700FEFAA2 /* Release */,
			);
			defaultConfigurationIsVisible = 0;
			defaultConfigurationName = Release;
		};
		C66091CF1BED7B8B001D5FEE /* Build configuration list for PBXNativeTarget "MinesweeperTVOS" */ = {
			isa = XCConfigurationList;
			buildConfigurations = (
				C66091D01BED7B8B001D5FEE /* Debug */,
				C66091D11BED7B8B001D5FEE /* Release */,
			);
			defaultConfigurationIsVisible = 0;
			defaultConfigurationName = Release;
		};
		C66091D21BED7B8B001D5FEE /* Build configuration list for PBXNativeTarget "MinesweeperTVOSTests" */ = {
			isa = XCConfigurationList;
			buildConfigurations = (
				C66091D31BED7B8B001D5FEE /* Debug */,
				C66091D41BED7B8B001D5FEE /* Release */,
			);
			defaultConfigurationIsVisible = 0;
			defaultConfigurationName = Release;
		};
/* End XCConfigurationList section */
	};
	rootObject = C62DBB6D1BE3189700FEFAA2 /* Project object */;
}
